
Microsoft Visual Studio Solution File, Format Version 12.00
# Visual Studio Version 17
VisualStudioVersion = 17.3.32922.545
MinimumVisualStudioVersion = 10.0.40219.1
Project("{FAE04EC0-301F-11D3-BF4B-00C04F79EFBC}") = "coordinates_cs", "coordinates_cs.csproj", "{D6C18C8A-A972-49F1-8719-77E72ACCA95E}"
EndProject
Global
	GlobalSection(SolutionConfigurationPlatforms) = preSolution
		Debug|Any CPU = Debug|Any CPU
		Release|Any CPU = Release|Any CPU
	EndGlobalSection
	GlobalSection(ProjectConfigurationPlatforms) = postSolution
		{D6C18C8A-A972-49F1-8719-77E72ACCA95E}.Debug|Any CPU.ActiveCfg = Debug|Any CPU
		{D6C18C8A-A972-49F1-8719-77E72ACCA95E}.Debug|Any CPU.Build.0 = Debug|Any CPU
		{D6C18C8A-A972-49F1-8719-77E72ACCA95E}.Release|Any CPU.ActiveCfg = Release|Any CPU
		{D6C18C8A-A972-49F1-8719-77E72ACCA95E}.Release|Any CPU.Build.0 = Release|Any CPU
	EndGlobalSection
	GlobalSection(SolutionProperties) = preSolution
		HideSolutionNode = FALSE
	EndGlobalSection
	GlobalSection(ExtensibilityGlobals) = postSolution
		SolutionGuid = {7532739F-F2B1-48BA-A21E-65BCB9AF4E2D}
	EndGlobalSection
EndGlobal
