
Microsoft Visual Studio Solution File, Format Version 12.00
# Visual Studio Version 17
VisualStudioVersion = 17.3.32922.545
MinimumVisualStudioVersion = 10.0.40219.1
Project("{FAE04EC0-301F-11D3-BF4B-00C04F79EFBC}") = "sampling_distribution_cs", "sampling_distribution_cs.csproj", "{48256677-636D-483B-BC0E-C3105855512C}"
EndProject
Global
	GlobalSection(SolutionConfigurationPlatforms) = preSolution
		Debug|Any CPU = Debug|Any CPU
		Release|Any CPU = Release|Any CPU
	EndGlobalSection
	GlobalSection(ProjectConfigurationPlatforms) = postSolution
		{48256677-636D-483B-BC0E-C3105855512C}.Debug|Any CPU.ActiveCfg = Debug|Any CPU
		{48256677-636D-483B-BC0E-C3105855512C}.Debug|Any CPU.Build.0 = Debug|Any CPU
		{48256677-636D-483B-BC0E-C3105855512C}.Release|Any CPU.ActiveCfg = Release|Any CPU
		{48256677-636D-483B-BC0E-C3105855512C}.Release|Any CPU.Build.0 = Release|Any CPU
	EndGlobalSection
	GlobalSection(SolutionProperties) = preSolution
		HideSolutionNode = FALSE
	EndGlobalSection
	GlobalSection(ExtensibilityGlobals) = postSolution
		SolutionGuid = {0E3820AA-CBC6-4280-B38B-C9C9AAC5A2F1}
	EndGlobalSection
EndGlobal
